
Microsoft Visual Studio Solution File, Format Version 12.00
# Visual Studio Version 16
VisualStudioVersion = 16.0.29905.134
MinimumVisualStudioVersion = 10.0.40219.1
Project("{9A19103F-16F7-4668-BE54-9A1E7A4F7556}") = "Web", "Web\Web.csproj", "{A5428564-D579-43AB-ABE9-746AF2621AF4}"
EndProject
Project("{9A19103F-16F7-4668-BE54-9A1E7A4F7556}") = "AspNetIdentityDbContext", "ApplicationIdentityDbContext\AspNetIdentityDbContext.csproj", "{699346CC-9B66-445F-956F-C5CF5F519AF5}"
EndProject
Project("{9A19103F-16F7-4668-BE54-9A1E7A4F7556}") = "DTO", "DTO\DTO.csproj", "{341C97DA-B8BA-4215-B275-C313FECD295E}"
EndProject
Project("{9A19103F-16F7-4668-BE54-9A1E7A4F7556}") = "Services", "Services\Services.csproj", "{A645F289-B1F1-4120-A5FD-1DC3785B12F8}"
EndProject
Project("{9A19103F-16F7-4668-BE54-9A1E7A4F7556}") = "ApplicationDbContext", "ApplicationDbContext\ApplicationDbContext.csproj", "{08BAAFA1-A7C9-4F2D-92BA-8550579535D9}"
EndProject
Project("{9A19103F-16F7-4668-BE54-9A1E7A4F7556}") = "BackgroundServices", "BackgroundServices\BackgroundServices.csproj", "{B16D706F-906B-43FE-9424-4C127046BCA1}"
EndProject
Project("{FAE04EC0-301F-11D3-BF4B-00C04F79EFBC}") = "BackgroundService", "BackgroundService\BackgroundService.csproj", "{897064FA-714E-49BD-A9CC-FC7CC2B2BE75}"
	ProjectSection(ProjectDependencies) = postProject
		{08BAAFA1-A7C9-4F2D-92BA-8550579535D9} = {08BAAFA1-A7C9-4F2D-92BA-8550579535D9}
	EndProjectSection
EndProject
Global
	GlobalSection(SolutionConfigurationPlatforms) = preSolution
		Debug|Any CPU = Debug|Any CPU
		Release|Any CPU = Release|Any CPU
	EndGlobalSection
	GlobalSection(ProjectConfigurationPlatforms) = postSolution
		{A5428564-D579-43AB-ABE9-746AF2621AF4}.Debug|Any CPU.ActiveCfg = Debug|Any CPU
		{A5428564-D579-43AB-ABE9-746AF2621AF4}.Debug|Any CPU.Build.0 = Debug|Any CPU
		{A5428564-D579-43AB-ABE9-746AF2621AF4}.Release|Any CPU.ActiveCfg = Release|Any CPU
		{A5428564-D579-43AB-ABE9-746AF2621AF4}.Release|Any CPU.Build.0 = Release|Any CPU
		{699346CC-9B66-445F-956F-C5CF5F519AF5}.Debug|Any CPU.ActiveCfg = Debug|Any CPU
		{699346CC-9B66-445F-956F-C5CF5F519AF5}.Debug|Any CPU.Build.0 = Debug|Any CPU
		{699346CC-9B66-445F-956F-C5CF5F519AF5}.Release|Any CPU.ActiveCfg = Release|Any CPU
		{699346CC-9B66-445F-956F-C5CF5F519AF5}.Release|Any CPU.Build.0 = Release|Any CPU
		{341C97DA-B8BA-4215-B275-C313FECD295E}.Debug|Any CPU.ActiveCfg = Debug|Any CPU
		{341C97DA-B8BA-4215-B275-C313FECD295E}.Debug|Any CPU.Build.0 = Debug|Any CPU
		{341C97DA-B8BA-4215-B275-C313FECD295E}.Release|Any CPU.ActiveCfg = Release|Any CPU
		{341C97DA-B8BA-4215-B275-C313FECD295E}.Release|Any CPU.Build.0 = Release|Any CPU
		{A645F289-B1F1-4120-A5FD-1DC3785B12F8}.Debug|Any CPU.ActiveCfg = Debug|Any CPU
		{A645F289-B1F1-4120-A5FD-1DC3785B12F8}.Debug|Any CPU.Build.0 = Debug|Any CPU
		{A645F289-B1F1-4120-A5FD-1DC3785B12F8}.Release|Any CPU.ActiveCfg = Release|Any CPU
		{A645F289-B1F1-4120-A5FD-1DC3785B12F8}.Release|Any CPU.Build.0 = Release|Any CPU
		{08BAAFA1-A7C9-4F2D-92BA-8550579535D9}.Debug|Any CPU.ActiveCfg = Debug|Any CPU
		{08BAAFA1-A7C9-4F2D-92BA-8550579535D9}.Debug|Any CPU.Build.0 = Debug|Any CPU
		{08BAAFA1-A7C9-4F2D-92BA-8550579535D9}.Release|Any CPU.ActiveCfg = Release|Any CPU
		{08BAAFA1-A7C9-4F2D-92BA-8550579535D9}.Release|Any CPU.Build.0 = Release|Any CPU
		{B16D706F-906B-43FE-9424-4C127046BCA1}.Debug|Any CPU.ActiveCfg = Debug|Any CPU
		{B16D706F-906B-43FE-9424-4C127046BCA1}.Debug|Any CPU.Build.0 = Debug|Any CPU
		{B16D706F-906B-43FE-9424-4C127046BCA1}.Release|Any CPU.ActiveCfg = Release|Any CPU
		{B16D706F-906B-43FE-9424-4C127046BCA1}.Release|Any CPU.Build.0 = Release|Any CPU
		{897064FA-714E-49BD-A9CC-FC7CC2B2BE75}.Debug|Any CPU.ActiveCfg = Debug|Any CPU
		{897064FA-714E-49BD-A9CC-FC7CC2B2BE75}.Debug|Any CPU.Build.0 = Debug|Any CPU
		{897064FA-714E-49BD-A9CC-FC7CC2B2BE75}.Release|Any CPU.ActiveCfg = Release|Any CPU
		{897064FA-714E-49BD-A9CC-FC7CC2B2BE75}.Release|Any CPU.Build.0 = Release|Any CPU
	EndGlobalSection
	GlobalSection(SolutionProperties) = preSolution
		HideSolutionNode = FALSE
	EndGlobalSection
	GlobalSection(ExtensibilityGlobals) = postSolution
		SolutionGuid = {3C6C2693-C0CA-43E8-A414-8D821C152CBC}
	EndGlobalSection
EndGlobal
