
Microsoft Visual Studio Solution File, Format Version 12.00
# Visual Studio 15
VisualStudioVersion = 15.0.28307.271
MinimumVisualStudioVersion = 10.0.40219.1
Project("{9A19103F-16F7-4668-BE54-9A1E7A4F7556}") = "GuardMedWeb", "GuardMedWeb\GuardMedWeb.csproj", "{88DE7BCE-AED1-4953-8376-597DE8E24CE1}"
EndProject
Project("{FAE04EC0-301F-11D3-BF4B-00C04F79EFBC}") = "InsurenceDbContext", "InsurenceDbContext\InsurenceDbContext.csproj", "{874DDC32-9BFB-4EF2-B1B1-4BB8E1DF8F67}"
EndProject
Global
	GlobalSection(SolutionConfigurationPlatforms) = preSolution
		Debug|Any CPU = Debug|Any CPU
		Release|Any CPU = Release|Any CPU
	EndGlobalSection
	GlobalSection(ProjectConfigurationPlatforms) = postSolution
		{88DE7BCE-AED1-4953-8376-597DE8E24CE1}.Debug|Any CPU.ActiveCfg = Debug|Any CPU
		{88DE7BCE-AED1-4953-8376-597DE8E24CE1}.Debug|Any CPU.Build.0 = Debug|Any CPU
		{88DE7BCE-AED1-4953-8376-597DE8E24CE1}.Release|Any CPU.ActiveCfg = Release|Any CPU
		{88DE7BCE-AED1-4953-8376-597DE8E24CE1}.Release|Any CPU.Build.0 = Release|Any CPU
		{874DDC32-9BFB-4EF2-B1B1-4BB8E1DF8F67}.Debug|Any CPU.ActiveCfg = Debug|Any CPU
		{874DDC32-9BFB-4EF2-B1B1-4BB8E1DF8F67}.Debug|Any CPU.Build.0 = Debug|Any CPU
		{874DDC32-9BFB-4EF2-B1B1-4BB8E1DF8F67}.Release|Any CPU.ActiveCfg = Release|Any CPU
		{874DDC32-9BFB-4EF2-B1B1-4BB8E1DF8F67}.Release|Any CPU.Build.0 = Release|Any CPU
	EndGlobalSection
	GlobalSection(SolutionProperties) = preSolution
		HideSolutionNode = FALSE
	EndGlobalSection
	GlobalSection(ExtensibilityGlobals) = postSolution
		SolutionGuid = {E66837E8-6945-4A3A-AB9D-16987063E947}
	EndGlobalSection
	GlobalSection(TeamFoundationVersionControl) = preSolution
		SccNumberOfProjects = 3
		SccEnterpriseProvider = {4CA58AB2-18FA-4F8D-95D4-32DDF27D184C}
		SccTeamFoundationServer = https://chokosysvsts.visualstudio.com/
		SccLocalPath0 = .
		SccProjectUniqueName1 = GuardMedWeb\\GuardMedWeb.csproj
		SccProjectName1 = GuardMedWeb
		SccLocalPath1 = GuardMedWeb
		SccProjectUniqueName2 = InsurenceDbContext\\InsurenceDbContext.csproj
		SccProjectName2 = InsurenceDbContext
		SccLocalPath2 = InsurenceDbContext
	EndGlobalSection
EndGlobal
